# This file is automatically @generated by Cargo.
# It is not intended for manual editing.
version = 4

[[package]]
name = "famp"
version = "0.1.0"

[[package]]
name = "famp-canonical"
version = "0.1.0"

[[package]]
name = "famp-causality"
version = "0.1.0"

[[package]]
name = "famp-conformance"
version = "0.1.0"

[[package]]
name = "famp-core"
version = "0.1.0"

[[package]]
name = "famp-crypto"
version = "0.1.0"

[[package]]
name = "famp-envelope"
version = "0.1.0"

[[package]]
name = "famp-extensions"
version = "0.1.0"

[[package]]
name = "famp-fsm"
version = "0.1.0"

[[package]]
name = "famp-identity"
version = "0.1.0"

[[package]]
name = "famp-protocol"
version = "0.1.0"

[[package]]
name = "famp-transport"
version = "0.1.0"

[[package]]
name = "famp-transport-http"
version = "0.1.0"
